// !$*UTF8*$!
{
	archiveVersion = 1;
	classes = {
	};
	objectVersion = 60;
	objects = {

/* Begin PBXBuildFile section */
		DF2600000000000000000117 /* ScanCreation.swift in Sources */ = {isa = PBXBuildFile; fileRef = DF2600000000000000000017 /* ScanCreation.swift */; };
		DF2600000000000000000119 /* ScreenplayImport.swift in Sources */ = {isa = PBXBuildFile; fileRef = DF2600000000000000000019 /* ScreenplayImport.swift */; };
		DF26000000000000000001F4 /* DocumentArrival.swift in Sources */ = {isa = PBXBuildFile; fileRef = DF26000000000000000000F4 /* DocumentArrival.swift */; };
		DF2600000000000000000118 /* ScreenplayLaunchActions.swift in Sources */ = {isa = PBXBuildFile; fileRef = DF2600000000000000000018 /* ScreenplayLaunchActions.swift */; };
		DF2600000000000000000115 /* ScanDocument.swift in Sources */ = {isa = PBXBuildFile; fileRef = DF2600000000000000000015 /* ScanDocument.swift */; };
		DF2600000000000000000116 /* ScanReaderView.swift in Sources */ = {isa = PBXBuildFile; fileRef = DF2600000000000000000016 /* ScanReaderView.swift */; };
		DF260000000000000000011A /* CharacterThreadView.swift in Sources */ = {isa = PBXBuildFile; fileRef = DF260000000000000000001A /* CharacterThreadView.swift */; };
		DF2600000000000000000101 /* EDraftApp.swift in Sources */ = {isa = PBXBuildFile; fileRef = DF2600000000000000000001 /* EDraftApp.swift */; };
		DF2600000000000000000102 /* ScreenplayModels.swift in Sources */ = {isa = PBXBuildFile; fileRef = DF2600000000000000000002 /* ScreenplayModels.swift */; };
		DF2600000000000000000103 /* EDraftDocument.swift in Sources */ = {isa = PBXBuildFile; fileRef = DF2600000000000000000003 /* EDraftDocument.swift */; };
		DF2600000000000000000105 /* EditorState.swift in Sources */ = {isa = PBXBuildFile; fileRef = DF2600000000000000000005 /* EditorState.swift */; };
		DF2600000000000000000106 /* ScriptTextView.swift in Sources */ = {isa = PBXBuildFile; fileRef = DF2600000000000000000006 /* ScriptTextView.swift */; };
		DF2600000000000000000107 /* EditorView.swift in Sources */ = {isa = PBXBuildFile; fileRef = DF2600000000000000000007 /* EditorView.swift */; };
		DF2600000000000000000108 /* ElementModeControl.swift in Sources */ = {isa = PBXBuildFile; fileRef = DF2600000000000000000008 /* ElementModeControl.swift */; };
		DF260000000000000000010A /* StoryPanel.swift in Sources */ = {isa = PBXBuildFile; fileRef = DF260000000000000000000A /* StoryPanel.swift */; };
		DF260000000000000000010B /* SettingsPanel.swift in Sources */ = {isa = PBXBuildFile; fileRef = DF260000000000000000000B /* SettingsPanel.swift */; };
		DF260000000000000000010D /* EditorChrome.swift in Sources */ = {isa = PBXBuildFile; fileRef = DF260000000000000000000F /* EditorChrome.swift */; };
		DF260000000000000000010E /* ScreenplayEditPlanner.swift in Sources */ = {isa = PBXBuildFile; fileRef = DF2600000000000000000010 /* ScreenplayEditPlanner.swift */; };
		DF26000000000000000001F2 /* SceneHeadingSeparator.swift in Sources */ = {isa = PBXBuildFile; fileRef = DF26000000000000000000F2 /* SceneHeadingSeparator.swift */; };
		DF26000000000000000001FA /* RevealHighlight.swift in Sources */ = {isa = PBXBuildFile; fileRef = DF26000000000000000000FA /* RevealHighlight.swift */; };
		DF260000000000000000010F /* TitlePageSheet.swift in Sources */ = {isa = PBXBuildFile; fileRef = DF2600000000000000000013 /* TitlePageSheet.swift */; };
		DF2600000000000000000111 /* Assets.xcassets in Resources */ = {isa = PBXBuildFile; fileRef = DF2600000000000000000011 /* Assets.xcassets */; };
		DF2600000000000000000112 /* PrivacyInfo.xcprivacy in Resources */ = {isa = PBXBuildFile; fileRef = DF2600000000000000000012 /* PrivacyInfo.xcprivacy */; };
		DF2600000000000000000114 /* ElementCaseMemory.swift in Sources */ = {isa = PBXBuildFile; fileRef = DF2600000000000000000014 /* ElementCaseMemory.swift */; };
		DF2700000000000000000101 /* ScreenplayEditPlannerTests.swift in Sources */ = {isa = PBXBuildFile; fileRef = DF2700000000000000000001 /* ScreenplayEditPlannerTests.swift */; };
		DF26000000000000000001F5 /* ReturnKeyStabilityTests.swift in Sources */ = {isa = PBXBuildFile; fileRef = DF26000000000000000000F5 /* ReturnKeyStabilityTests.swift */; };
		DF26000000000000000001F9 /* NavigatorJumpTests.swift in Sources */ = {isa = PBXBuildFile; fileRef = DF26000000000000000000F9 /* NavigatorJumpTests.swift */; };
		DF26000000000000000001F3 /* SceneHeadingSeparatorTests.swift in Sources */ = {isa = PBXBuildFile; fileRef = DF26000000000000000000F3 /* SceneHeadingSeparatorTests.swift */; };
		DF2700000000000000000103 /* EDraftDocumentTests.swift in Sources */ = {isa = PBXBuildFile; fileRef = DF2700000000000000000003 /* EDraftDocumentTests.swift */; };
		DF2700000000000000000104 /* ElementCaseMemoryTests.swift in Sources */ = {isa = PBXBuildFile; fileRef = DF2700000000000000000004 /* ElementCaseMemoryTests.swift */; };
		DF2800000000000000000101 /* EDraftEngine in Frameworks */ = {isa = PBXBuildFile; productRef = DF2800000000000000000900 /* EDraftEngine */; };
/* End PBXBuildFile section */

/* Begin PBXContainerItemProxy section */
		DF2700000000000000000800 /* PBXContainerItemProxy */ = {
			isa = PBXContainerItemProxy;
			containerPortal = DF2600000000000000000500 /* Project object */;
			proxyType = 1;
			remoteGlobalIDString = DF2600000000000000000400;
			remoteInfo = eDraft;
		};
/* End PBXContainerItemProxy section */

/* Begin PBXFileReference section */
		DF2600000000000000000001 /* EDraftApp.swift */ = {isa = PBXFileReference; lastKnownFileType = sourcecode.swift; path = EDraftApp.swift; sourceTree = "<group>"; };
		DF2600000000000000000002 /* ScreenplayModels.swift */ = {isa = PBXFileReference; lastKnownFileType = sourcecode.swift; path = ScreenplayModels.swift; sourceTree = "<group>"; };
		DF2600000000000000000003 /* EDraftDocument.swift */ = {isa = PBXFileReference; lastKnownFileType = sourcecode.swift; path = EDraftDocument.swift; sourceTree = "<group>"; };
		DF2600000000000000000015 /* ScanDocument.swift */ = {isa = PBXFileReference; lastKnownFileType = sourcecode.swift; path = ScanDocument.swift; sourceTree = "<group>"; };
		DF2600000000000000000017 /* ScanCreation.swift */ = {isa = PBXFileReference; lastKnownFileType = sourcecode.swift; path = ScanCreation.swift; sourceTree = "<group>"; };
		DF2600000000000000000019 /* ScreenplayImport.swift */ = {isa = PBXFileReference; lastKnownFileType = sourcecode.swift; path = ScreenplayImport.swift; sourceTree = "<group>"; };
		DF26000000000000000000F4 /* DocumentArrival.swift */ = {isa = PBXFileReference; lastKnownFileType = sourcecode.swift; path = DocumentArrival.swift; sourceTree = "<group>"; };
		DF2600000000000000000018 /* ScreenplayLaunchActions.swift */ = {isa = PBXFileReference; lastKnownFileType = sourcecode.swift; path = ScreenplayLaunchActions.swift; sourceTree = "<group>"; };
		DF2600000000000000000016 /* ScanReaderView.swift */ = {isa = PBXFileReference; lastKnownFileType = sourcecode.swift; path = ScanReaderView.swift; sourceTree = "<group>"; };
		DF260000000000000000001A /* CharacterThreadView.swift */ = {isa = PBXFileReference; lastKnownFileType = sourcecode.swift; path = CharacterThreadView.swift; sourceTree = "<group>"; };
		DF2600000000000000000005 /* EditorState.swift */ = {isa = PBXFileReference; lastKnownFileType = sourcecode.swift; path = EditorState.swift; sourceTree = "<group>"; };
		DF2600000000000000000006 /* ScriptTextView.swift */ = {isa = PBXFileReference; lastKnownFileType = sourcecode.swift; path = ScriptTextView.swift; sourceTree = "<group>"; };
		DF2600000000000000000007 /* EditorView.swift */ = {isa = PBXFileReference; lastKnownFileType = sourcecode.swift; path = EditorView.swift; sourceTree = "<group>"; };
		DF2600000000000000000008 /* ElementModeControl.swift */ = {isa = PBXFileReference; lastKnownFileType = sourcecode.swift; path = ElementModeControl.swift; sourceTree = "<group>"; };
		DF260000000000000000000A /* StoryPanel.swift */ = {isa = PBXFileReference; lastKnownFileType = sourcecode.swift; path = StoryPanel.swift; sourceTree = "<group>"; };
		DF260000000000000000000B /* SettingsPanel.swift */ = {isa = PBXFileReference; lastKnownFileType = sourcecode.swift; path = SettingsPanel.swift; sourceTree = "<group>"; };
		DF260000000000000000000D /* Info.plist */ = {isa = PBXFileReference; lastKnownFileType = text.plist.xml; path = Info.plist; sourceTree = "<group>"; };
		DF260000000000000000000E /* eDraft.app */ = {isa = PBXFileReference; explicitFileType = wrapper.application; includeInIndex = 0; path = eDraft.app; sourceTree = BUILT_PRODUCTS_DIR; };
		DF260000000000000000000F /* EditorChrome.swift */ = {isa = PBXFileReference; lastKnownFileType = sourcecode.swift; path = EditorChrome.swift; sourceTree = "<group>"; };
		DF2600000000000000000010 /* ScreenplayEditPlanner.swift */ = {isa = PBXFileReference; lastKnownFileType = sourcecode.swift; path = ScreenplayEditPlanner.swift; sourceTree = "<group>"; };
		DF26000000000000000000F2 /* SceneHeadingSeparator.swift */ = {isa = PBXFileReference; lastKnownFileType = sourcecode.swift; path = SceneHeadingSeparator.swift; sourceTree = "<group>"; };
		DF26000000000000000000FA /* RevealHighlight.swift */ = {isa = PBXFileReference; lastKnownFileType = sourcecode.swift; path = RevealHighlight.swift; sourceTree = "<group>"; };
		DF2600000000000000000011 /* Assets.xcassets */ = {isa = PBXFileReference; lastKnownFileType = folder.assetcatalog; path = Assets.xcassets; sourceTree = "<group>"; };
		DF2600000000000000000012 /* PrivacyInfo.xcprivacy */ = {isa = PBXFileReference; lastKnownFileType = text.plist.xml; path = PrivacyInfo.xcprivacy; sourceTree = "<group>"; };
		DF2600000000000000000013 /* TitlePageSheet.swift */ = {isa = PBXFileReference; lastKnownFileType = sourcecode.swift; path = TitlePageSheet.swift; sourceTree = "<group>"; };
		DF2600000000000000000014 /* ElementCaseMemory.swift */ = {isa = PBXFileReference; lastKnownFileType = sourcecode.swift; path = ElementCaseMemory.swift; sourceTree = "<group>"; };
		DF2700000000000000000001 /* ScreenplayEditPlannerTests.swift */ = {isa = PBXFileReference; lastKnownFileType = sourcecode.swift; path = ScreenplayEditPlannerTests.swift; sourceTree = "<group>"; };
		DF26000000000000000000F5 /* ReturnKeyStabilityTests.swift */ = {isa = PBXFileReference; lastKnownFileType = sourcecode.swift; path = ReturnKeyStabilityTests.swift; sourceTree = "<group>"; };
		DF26000000000000000000F9 /* NavigatorJumpTests.swift */ = {isa = PBXFileReference; lastKnownFileType = sourcecode.swift; path = NavigatorJumpTests.swift; sourceTree = "<group>"; };
		DF26000000000000000000F3 /* SceneHeadingSeparatorTests.swift */ = {isa = PBXFileReference; lastKnownFileType = sourcecode.swift; path = SceneHeadingSeparatorTests.swift; sourceTree = "<group>"; };
		DF2700000000000000000002 /* eDraftTests.xctest */ = {isa = PBXFileReference; explicitFileType = wrapper.cfbundle; includeInIndex = 0; path = eDraftTests.xctest; sourceTree = BUILT_PRODUCTS_DIR; };
		DF2700000000000000000003 /* EDraftDocumentTests.swift */ = {isa = PBXFileReference; lastKnownFileType = sourcecode.swift; path = EDraftDocumentTests.swift; sourceTree = "<group>"; };
		DF2700000000000000000004 /* ElementCaseMemoryTests.swift */ = {isa = PBXFileReference; lastKnownFileType = sourcecode.swift; path = ElementCaseMemoryTests.swift; sourceTree = "<group>"; };
/* End PBXFileReference section */

/* Begin PBXFrameworksBuildPhase section */
		DF2600000000000000000202 /* Frameworks */ = {
			isa = PBXFrameworksBuildPhase;
			buildActionMask = 2147483647;
			files = (
				DF2800000000000000000101 /* EDraftEngine in Frameworks */,
			);
			runOnlyForDeploymentPostprocessing = 0;
		};
		DF2700000000000000000202 /* Frameworks */ = {
			isa = PBXFrameworksBuildPhase;
			buildActionMask = 2147483647;
			files = (
			);
			runOnlyForDeploymentPostprocessing = 0;
		};
/* End PBXFrameworksBuildPhase section */

/* Begin PBXGroup section */
		DF2600000000000000000300 = {
			isa = PBXGroup;
			children = (
				DF2600000000000000000301 /* eDraft */,
				DF2700000000000000000300 /* eDraftTests */,
				DF2600000000000000000302 /* Products */,
			);
			sourceTree = "<group>";
		};
		DF2600000000000000000301 /* eDraft */ = {
			isa = PBXGroup;
			children = (
				DF2600000000000000000310 /* App */,
				DF2600000000000000000311 /* Document */,
				DF2600000000000000000312 /* Models */,
				DF2600000000000000000314 /* Editing */,
				DF2600000000000000000315 /* Views */,
				DF2600000000000000000316 /* Resources */,
			);
			path = eDraft;
			sourceTree = "<group>";
		};
		DF2600000000000000000302 /* Products */ = {
			isa = PBXGroup;
			children = (
				DF260000000000000000000E /* eDraft.app */,
				DF2700000000000000000002 /* eDraftTests.xctest */,
			);
			name = Products;
			sourceTree = "<group>";
		};
		DF2600000000000000000310 /* App */ = {
			isa = PBXGroup;
			children = (
				DF2600000000000000000001 /* EDraftApp.swift */,
			);
			path = App;
			sourceTree = "<group>";
		};
		DF2600000000000000000311 /* Document */ = {
			isa = PBXGroup;
			children = (
				DF2600000000000000000003 /* EDraftDocument.swift */,
				DF2600000000000000000015 /* ScanDocument.swift */,
				DF2600000000000000000017 /* ScanCreation.swift */,
				DF2600000000000000000019 /* ScreenplayImport.swift */,
				DF26000000000000000000F4 /* DocumentArrival.swift */,
			);
			path = Document;
			sourceTree = "<group>";
		};
		DF2600000000000000000312 /* Models */ = {
			isa = PBXGroup;
			children = (
				DF2600000000000000000002 /* ScreenplayModels.swift */,
			);
			path = Models;
			sourceTree = "<group>";
		};
		DF2600000000000000000314 /* Editing */ = {
			isa = PBXGroup;
			children = (
				DF2600000000000000000005 /* EditorState.swift */,
				DF2600000000000000000014 /* ElementCaseMemory.swift */,
				DF2600000000000000000010 /* ScreenplayEditPlanner.swift */,
				DF26000000000000000000F2 /* SceneHeadingSeparator.swift */,
				DF26000000000000000000FA /* RevealHighlight.swift */,
				DF2600000000000000000006 /* ScriptTextView.swift */,
			);
			path = Editing;
			sourceTree = "<group>";
		};
		DF2600000000000000000315 /* Views */ = {
			isa = PBXGroup;
			children = (
				DF2600000000000000000007 /* EditorView.swift */,
				DF260000000000000000000F /* EditorChrome.swift */,
				DF2600000000000000000008 /* ElementModeControl.swift */,
				DF260000000000000000000A /* StoryPanel.swift */,
				DF260000000000000000000B /* SettingsPanel.swift */,
				DF2600000000000000000013 /* TitlePageSheet.swift */,
				DF2600000000000000000016 /* ScanReaderView.swift */,
				DF260000000000000000001A /* CharacterThreadView.swift */,
				DF2600000000000000000018 /* ScreenplayLaunchActions.swift */,
			);
			path = Views;
			sourceTree = "<group>";
		};
		DF2600000000000000000316 /* Resources */ = {
			isa = PBXGroup;
			children = (
				DF260000000000000000000D /* Info.plist */,
				DF2600000000000000000012 /* PrivacyInfo.xcprivacy */,
				DF2600000000000000000011 /* Assets.xcassets */,
			);
			path = Resources;
			sourceTree = "<group>";
		};
		DF2700000000000000000300 /* eDraftTests */ = {
			isa = PBXGroup;
			children = (
				DF2700000000000000000001 /* ScreenplayEditPlannerTests.swift */,
				DF26000000000000000000F5 /* ReturnKeyStabilityTests.swift */,
				DF26000000000000000000F9 /* NavigatorJumpTests.swift */,
				DF26000000000000000000F3 /* SceneHeadingSeparatorTests.swift */,
				DF2700000000000000000003 /* EDraftDocumentTests.swift */,
				DF2700000000000000000004 /* ElementCaseMemoryTests.swift */,
			);
			path = eDraftTests;
			sourceTree = "<group>";
		};
/* End PBXGroup section */

/* Begin PBXNativeTarget section */
		DF2600000000000000000400 /* eDraft */ = {
			isa = PBXNativeTarget;
			buildConfigurationList = DF2600000000000000000601 /* Build configuration list for PBXNativeTarget "eDraft" */;
			buildPhases = (
				DF2600000000000000000201 /* Sources */,
				DF2600000000000000000202 /* Frameworks */,
				DF2600000000000000000203 /* Resources */,
			);
			buildRules = (
			);
			dependencies = (
			);
			name = eDraft;
			packageProductDependencies = (
				DF2800000000000000000900 /* EDraftEngine */,
			);
			productName = eDraft;
			productReference = DF260000000000000000000E /* eDraft.app */;
			productType = "com.apple.product-type.application";
		};
		DF2700000000000000000400 /* eDraftTests */ = {
			isa = PBXNativeTarget;
			buildConfigurationList = DF2700000000000000000600 /* Build configuration list for PBXNativeTarget "eDraftTests" */;
			buildPhases = (
				DF2700000000000000000201 /* Sources */,
				DF2700000000000000000202 /* Frameworks */,
			);
			buildRules = (
			);
			dependencies = (
				DF2700000000000000000801 /* PBXTargetDependency */,
			);
			name = eDraftTests;
			productName = eDraftTests;
			productReference = DF2700000000000000000002 /* eDraftTests.xctest */;
			productType = "com.apple.product-type.bundle.unit-test";
		};
/* End PBXNativeTarget section */

/* Begin PBXProject section */
		DF2600000000000000000500 /* Project object */ = {
			isa = PBXProject;
			attributes = {
				BuildIndependentTargetsInParallel = 1;
				LastSwiftUpdateCheck = 2660;
				LastUpgradeCheck = 2660;
				TargetAttributes = {
					DF2600000000000000000400 = {
						CreatedOnToolsVersion = 26.6;
					};
					DF2700000000000000000400 = {
						CreatedOnToolsVersion = 26.6;
						TestTargetID = DF2600000000000000000400;
					};
				};
			};
			buildConfigurationList = DF2600000000000000000600 /* Build configuration list for PBXProject "eDraft" */;
			compatibilityVersion = "Xcode 14.0";
			developmentRegion = en;
			hasScannedForEncodings = 0;
			knownRegions = (
				en,
				Base,
			);
			mainGroup = DF2600000000000000000300;
			packageReferences = (
				DF2800000000000000000800 /* XCLocalSwiftPackageReference "eDraftEngine" */,
			);
			productRefGroup = DF2600000000000000000302 /* Products */;
			projectDirPath = "";
			projectRoot = "";
			targets = (
				DF2600000000000000000400 /* eDraft */,
				DF2700000000000000000400 /* eDraftTests */,
			);
		};
/* End PBXProject section */

/* Begin PBXResourcesBuildPhase section */
		DF2600000000000000000203 /* Resources */ = {
			isa = PBXResourcesBuildPhase;
			buildActionMask = 2147483647;
			files = (
				DF2600000000000000000112 /* PrivacyInfo.xcprivacy in Resources */,
				DF2600000000000000000111 /* Assets.xcassets in Resources */,
			);
			runOnlyForDeploymentPostprocessing = 0;
		};
/* End PBXResourcesBuildPhase section */

/* Begin PBXSourcesBuildPhase section */
		DF2600000000000000000201 /* Sources */ = {
			isa = PBXSourcesBuildPhase;
			buildActionMask = 2147483647;
			files = (
				DF2600000000000000000101 /* EDraftApp.swift in Sources */,
				DF2600000000000000000102 /* ScreenplayModels.swift in Sources */,
				DF2600000000000000000103 /* EDraftDocument.swift in Sources */,
				DF2600000000000000000115 /* ScanDocument.swift in Sources */,
				DF2600000000000000000116 /* ScanReaderView.swift in Sources */,
				DF260000000000000000011A /* CharacterThreadView.swift in Sources */,
				DF2600000000000000000117 /* ScanCreation.swift in Sources */,
				DF2600000000000000000119 /* ScreenplayImport.swift in Sources */,
				DF26000000000000000001F4 /* DocumentArrival.swift in Sources */,
				DF2600000000000000000118 /* ScreenplayLaunchActions.swift in Sources */,
				DF2600000000000000000105 /* EditorState.swift in Sources */,
				DF260000000000000000010E /* ScreenplayEditPlanner.swift in Sources */,
				DF26000000000000000001F2 /* SceneHeadingSeparator.swift in Sources */,
				DF26000000000000000001FA /* RevealHighlight.swift in Sources */,
				DF2600000000000000000106 /* ScriptTextView.swift in Sources */,
				DF2600000000000000000107 /* EditorView.swift in Sources */,
				DF2600000000000000000108 /* ElementModeControl.swift in Sources */,
				DF260000000000000000010A /* StoryPanel.swift in Sources */,
				DF260000000000000000010B /* SettingsPanel.swift in Sources */,
				DF260000000000000000010D /* EditorChrome.swift in Sources */,
				DF260000000000000000010F /* TitlePageSheet.swift in Sources */,
				DF2600000000000000000114 /* ElementCaseMemory.swift in Sources */,
			);
			runOnlyForDeploymentPostprocessing = 0;
		};
		DF2700000000000000000201 /* Sources */ = {
			isa = PBXSourcesBuildPhase;
			buildActionMask = 2147483647;
			files = (
				DF2700000000000000000101 /* ScreenplayEditPlannerTests.swift in Sources */,
				DF26000000000000000001F5 /* ReturnKeyStabilityTests.swift in Sources */,
				DF26000000000000000001F9 /* NavigatorJumpTests.swift in Sources */,
				DF26000000000000000001F3 /* SceneHeadingSeparatorTests.swift in Sources */,
				DF2700000000000000000103 /* EDraftDocumentTests.swift in Sources */,
				DF2700000000000000000104 /* ElementCaseMemoryTests.swift in Sources */,
			);
			runOnlyForDeploymentPostprocessing = 0;
		};
/* End PBXSourcesBuildPhase section */

/* Begin PBXTargetDependency section */
		DF2700000000000000000801 /* PBXTargetDependency */ = {
			isa = PBXTargetDependency;
			target = DF2600000000000000000400 /* eDraft */;
			targetProxy = DF2700000000000000000800 /* PBXContainerItemProxy */;
		};
/* End PBXTargetDependency section */

/* Begin XCBuildConfiguration section */
		DF2600000000000000000700 /* Debug */ = {
			isa = XCBuildConfiguration;
			buildSettings = {
				ALWAYS_SEARCH_USER_PATHS = NO;
				CLANG_ENABLE_MODULES = YES;
				CLANG_ENABLE_OBJC_ARC = YES;
				CLANG_WARN_DOCUMENTATION_COMMENTS = YES;
				CLANG_WARN_QUOTED_INCLUDE_IN_FRAMEWORK_HEADER = YES;
				COPY_PHASE_STRIP = NO;
				DEBUG_INFORMATION_FORMAT = dwarf;
				ENABLE_TESTABILITY = YES;
				ENABLE_USER_SCRIPT_SANDBOXING = YES;
				GCC_C_LANGUAGE_STANDARD = gnu17;
				GCC_NO_COMMON_BLOCKS = YES;
				GCC_OPTIMIZATION_LEVEL = 0;
				GCC_PREPROCESSOR_DEFINITIONS = (
					"DEBUG=1",
					"$(inherited)",
				);
				IPHONEOS_DEPLOYMENT_TARGET = 26.0;
				ONLY_ACTIVE_ARCH = YES;
				SDKROOT = iphoneos;
				SWIFT_ACTIVE_COMPILATION_CONDITIONS = DEBUG;
				SWIFT_OPTIMIZATION_LEVEL = "-Onone";
				SWIFT_VERSION = 6.0;
			};
			name = Debug;
		};
		DF2600000000000000000701 /* Release */ = {
			isa = XCBuildConfiguration;
			buildSettings = {
				ALWAYS_SEARCH_USER_PATHS = NO;
				CLANG_ENABLE_MODULES = YES;
				CLANG_ENABLE_OBJC_ARC = YES;
				CLANG_WARN_DOCUMENTATION_COMMENTS = YES;
				CLANG_WARN_QUOTED_INCLUDE_IN_FRAMEWORK_HEADER = YES;
				COPY_PHASE_STRIP = NO;
				DEBUG_INFORMATION_FORMAT = "dwarf-with-dsym";
				ENABLE_NS_ASSERTIONS = NO;
				ENABLE_USER_SCRIPT_SANDBOXING = YES;
				GCC_C_LANGUAGE_STANDARD = gnu17;
				GCC_NO_COMMON_BLOCKS = YES;
				IPHONEOS_DEPLOYMENT_TARGET = 26.0;
				SDKROOT = iphoneos;
				SWIFT_COMPILATION_MODE = wholemodule;
				SWIFT_OPTIMIZATION_LEVEL = "-O";
				SWIFT_VERSION = 6.0;
				VALIDATE_PRODUCT = YES;
			};
			name = Release;
		};
		DF2600000000000000000702 /* Debug */ = {
			isa = XCBuildConfiguration;
			buildSettings = {
				ASSETCATALOG_COMPILER_APPICON_NAME = AppIcon;
				CODE_SIGN_STYLE = Automatic;
				CURRENT_PROJECT_VERSION = 1;
				DEVELOPMENT_TEAM = 4487AHC2YM;
				ENABLE_PREVIEWS = YES;
				INFOPLIST_FILE = eDraft/Resources/Info.plist;
				LD_RUNPATH_SEARCH_PATHS = (
					"$(inherited)",
					"@executable_path/Frameworks",
				);
				MARKETING_VERSION = 0.1.0;
				PRODUCT_BUNDLE_IDENTIFIER = xyz.edraft.ios;
				PRODUCT_NAME = "$(TARGET_NAME)";
				SWIFT_APPROACHABLE_CONCURRENCY = YES;
				SWIFT_DEFAULT_ACTOR_ISOLATION = MainActor;
				SWIFT_EMIT_LOC_STRINGS = YES;
				TARGETED_DEVICE_FAMILY = "1,2";
			};
			name = Debug;
		};
		DF2600000000000000000703 /* Release */ = {
			isa = XCBuildConfiguration;
			buildSettings = {
				ASSETCATALOG_COMPILER_APPICON_NAME = AppIcon;
				CODE_SIGN_STYLE = Automatic;
				CURRENT_PROJECT_VERSION = 1;
				DEVELOPMENT_TEAM = 4487AHC2YM;
				ENABLE_PREVIEWS = YES;
				INFOPLIST_FILE = eDraft/Resources/Info.plist;
				LD_RUNPATH_SEARCH_PATHS = (
					"$(inherited)",
					"@executable_path/Frameworks",
				);
				MARKETING_VERSION = 0.1.0;
				PRODUCT_BUNDLE_IDENTIFIER = xyz.edraft.ios;
				PRODUCT_NAME = "$(TARGET_NAME)";
				SWIFT_APPROACHABLE_CONCURRENCY = YES;
				SWIFT_DEFAULT_ACTOR_ISOLATION = MainActor;
				SWIFT_EMIT_LOC_STRINGS = YES;
				TARGETED_DEVICE_FAMILY = "1,2";
			};
			name = Release;
		};
		DF2700000000000000000700 /* Debug */ = {
			isa = XCBuildConfiguration;
			buildSettings = {
				BUNDLE_LOADER = "$(TEST_HOST)";
				CODE_SIGN_STYLE = Automatic;
				GENERATE_INFOPLIST_FILE = YES;
				IPHONEOS_DEPLOYMENT_TARGET = 26.0;
				LD_RUNPATH_SEARCH_PATHS = (
					"$(inherited)",
					"@executable_path/Frameworks",
					"@loader_path/Frameworks",
				);
				PRODUCT_BUNDLE_IDENTIFIER = xyz.edraft.ios.tests;
				PRODUCT_NAME = "$(TARGET_NAME)";
				SWIFT_APPROACHABLE_CONCURRENCY = YES;
				SWIFT_EMIT_LOC_STRINGS = NO;
				SWIFT_VERSION = 6.0;
				TARGETED_DEVICE_FAMILY = "1,2";
				TEST_HOST = "$(BUILT_PRODUCTS_DIR)/eDraft.app/$(BUNDLE_EXECUTABLE_FOLDER_PATH)/eDraft";
			};
			name = Debug;
		};
		DF2700000000000000000701 /* Release */ = {
			isa = XCBuildConfiguration;
			buildSettings = {
				BUNDLE_LOADER = "$(TEST_HOST)";
				CODE_SIGN_STYLE = Automatic;
				GENERATE_INFOPLIST_FILE = YES;
				IPHONEOS_DEPLOYMENT_TARGET = 26.0;
				LD_RUNPATH_SEARCH_PATHS = (
					"$(inherited)",
					"@executable_path/Frameworks",
					"@loader_path/Frameworks",
				);
				PRODUCT_BUNDLE_IDENTIFIER = xyz.edraft.ios.tests;
				PRODUCT_NAME = "$(TARGET_NAME)";
				SWIFT_APPROACHABLE_CONCURRENCY = YES;
				SWIFT_EMIT_LOC_STRINGS = NO;
				SWIFT_VERSION = 6.0;
				TARGETED_DEVICE_FAMILY = "1,2";
				TEST_HOST = "$(BUILT_PRODUCTS_DIR)/eDraft.app/$(BUNDLE_EXECUTABLE_FOLDER_PATH)/eDraft";
			};
			name = Release;
		};
/* End XCBuildConfiguration section */

/* Begin XCConfigurationList section */
		DF2600000000000000000600 /* Build configuration list for PBXProject "eDraft" */ = {
			isa = XCConfigurationList;
			buildConfigurations = (
				DF2600000000000000000700 /* Debug */,
				DF2600000000000000000701 /* Release */,
			);
			defaultConfigurationIsVisible = 0;
			defaultConfigurationName = Release;
		};
		DF2600000000000000000601 /* Build configuration list for PBXNativeTarget "eDraft" */ = {
			isa = XCConfigurationList;
			buildConfigurations = (
				DF2600000000000000000702 /* Debug */,
				DF2600000000000000000703 /* Release */,
			);
			defaultConfigurationIsVisible = 0;
			defaultConfigurationName = Release;
		};
		DF2700000000000000000600 /* Build configuration list for PBXNativeTarget "eDraftTests" */ = {
			isa = XCConfigurationList;
			buildConfigurations = (
				DF2700000000000000000700 /* Debug */,
				DF2700000000000000000701 /* Release */,
			);
			defaultConfigurationIsVisible = 0;
			defaultConfigurationName = Release;
		};
/* End XCConfigurationList section */

/* Begin XCLocalSwiftPackageReference section */
		DF2800000000000000000800 /* XCLocalSwiftPackageReference "eDraftEngine" */ = {
			isa = XCLocalSwiftPackageReference;
			relativePath = eDraftEngine;
		};
/* End XCLocalSwiftPackageReference section */

/* Begin XCSwiftPackageProductDependency section */
		DF2800000000000000000900 /* EDraftEngine */ = {
			isa = XCSwiftPackageProductDependency;
			productName = EDraftEngine;
		};
/* End XCSwiftPackageProductDependency section */
	};
	rootObject = DF2600000000000000000500 /* Project object */;
}
