// !$*UTF8*$!
{
	archiveVersion = 1;
	classes = {
	};
	objectVersion = 56;
	objects = {

/* Begin PBXBuildFile section */
		EDA0ED000000000000000020 /* eDraftApp.swift in Sources */ = {isa = PBXBuildFile; fileRef = EDA0ED000000000000000010 /* eDraftApp.swift */; };
		EDA0ED000000000000000021 /* EngineFacade.swift in Sources */ = {isa = PBXBuildFile; fileRef = EDA0ED000000000000000011 /* EngineFacade.swift */; };
		EDA0ED000000000000000023 /* ScriptTextView.swift in Sources */ = {isa = PBXBuildFile; fileRef = EDA0ED000000000000000013 /* ScriptTextView.swift */; };
		EDA0ED000000000000000024 /* edraft-engine.js in Resources */ = {isa = PBXBuildFile; fileRef = EDA0ED000000000000000014 /* edraft-engine.js */; };
		EDA0ED000000000000000025 /* EditorView.swift in Sources */ = {isa = PBXBuildFile; fileRef = EDA0ED000000000000000016 /* EditorView.swift */; };
		EDA0ED000000000000000026 /* WhisperBar.swift in Sources */ = {isa = PBXBuildFile; fileRef = EDA0ED000000000000000017 /* WhisperBar.swift */; };
		EDA0ED000000000000000027 /* DiagnosticsView.swift in Sources */ = {isa = PBXBuildFile; fileRef = EDA0ED000000000000000018 /* DiagnosticsView.swift */; };
		EDA0ED000000000000000028 /* BlockMapper.swift in Sources */ = {isa = PBXBuildFile; fileRef = EDA0ED000000000000000019 /* BlockMapper.swift */; };
		EDA0ED000000000000000029 /* DocumentStore.swift in Sources */ = {isa = PBXBuildFile; fileRef = EDA0ED00000000000000001A /* DocumentStore.swift */; };
		EDA0ED00000000000000002A /* CourierPrime-Regular.ttf in Resources */ = {isa = PBXBuildFile; fileRef = EDA0ED000000000000000060 /* CourierPrime-Regular.ttf */; };
		EDA0ED00000000000000002B /* CourierPrime-Bold.ttf in Resources */ = {isa = PBXBuildFile; fileRef = EDA0ED000000000000000061 /* CourierPrime-Bold.ttf */; };
		EDA0ED00000000000000002C /* CourierPrime-Italic.ttf in Resources */ = {isa = PBXBuildFile; fileRef = EDA0ED000000000000000062 /* CourierPrime-Italic.ttf */; };
		EDA0ED00000000000000002D /* CourierPrime-BoldItalic.ttf in Resources */ = {isa = PBXBuildFile; fileRef = EDA0ED000000000000000063 /* CourierPrime-BoldItalic.ttf */; };
		EDA0ED00000000000000002E /* OFL.txt in Resources */ = {isa = PBXBuildFile; fileRef = EDA0ED000000000000000064 /* OFL.txt */; };
/* End PBXBuildFile section */

/* Begin PBXFileReference section */
		EDA0ED000000000000000010 /* eDraftApp.swift */ = {isa = PBXFileReference; lastKnownFileType = sourcecode.swift; path = eDraftApp.swift; sourceTree = "<group>"; };
		EDA0ED000000000000000011 /* EngineFacade.swift */ = {isa = PBXFileReference; lastKnownFileType = sourcecode.swift; path = EngineFacade.swift; sourceTree = "<group>"; };
		EDA0ED000000000000000013 /* ScriptTextView.swift */ = {isa = PBXFileReference; lastKnownFileType = sourcecode.swift; path = ScriptTextView.swift; sourceTree = "<group>"; };
		EDA0ED000000000000000014 /* edraft-engine.js */ = {isa = PBXFileReference; lastKnownFileType = sourcecode.javascript; path = "edraft-engine.js"; sourceTree = "<group>"; };
		EDA0ED000000000000000015 /* eDraft.app */ = {isa = PBXFileReference; explicitFileType = wrapper.application; includeInIndex = 0; path = eDraft.app; sourceTree = BUILT_PRODUCTS_DIR; };
		EDA0ED000000000000000016 /* EditorView.swift */ = {isa = PBXFileReference; lastKnownFileType = sourcecode.swift; path = EditorView.swift; sourceTree = "<group>"; };
		EDA0ED000000000000000017 /* WhisperBar.swift */ = {isa = PBXFileReference; lastKnownFileType = sourcecode.swift; path = WhisperBar.swift; sourceTree = "<group>"; };
		EDA0ED000000000000000018 /* DiagnosticsView.swift */ = {isa = PBXFileReference; lastKnownFileType = sourcecode.swift; path = DiagnosticsView.swift; sourceTree = "<group>"; };
		EDA0ED000000000000000019 /* BlockMapper.swift */ = {isa = PBXFileReference; lastKnownFileType = sourcecode.swift; path = BlockMapper.swift; sourceTree = "<group>"; };
		EDA0ED00000000000000001A /* DocumentStore.swift */ = {isa = PBXFileReference; lastKnownFileType = sourcecode.swift; path = DocumentStore.swift; sourceTree = "<group>"; };
		EDA0ED000000000000000060 /* CourierPrime-Regular.ttf */ = {isa = PBXFileReference; lastKnownFileType = file; path = "CourierPrime-Regular.ttf"; sourceTree = "<group>"; };
		EDA0ED000000000000000061 /* CourierPrime-Bold.ttf */ = {isa = PBXFileReference; lastKnownFileType = file; path = "CourierPrime-Bold.ttf"; sourceTree = "<group>"; };
		EDA0ED000000000000000062 /* CourierPrime-Italic.ttf */ = {isa = PBXFileReference; lastKnownFileType = file; path = "CourierPrime-Italic.ttf"; sourceTree = "<group>"; };
		EDA0ED000000000000000063 /* CourierPrime-BoldItalic.ttf */ = {isa = PBXFileReference; lastKnownFileType = file; path = "CourierPrime-BoldItalic.ttf"; sourceTree = "<group>"; };
		EDA0ED000000000000000064 /* OFL.txt */ = {isa = PBXFileReference; lastKnownFileType = text; path = "OFL.txt"; sourceTree = "<group>"; };
/* End PBXFileReference section */

/* Begin PBXFrameworksBuildPhase section */
		EDA0ED000000000000000032 /* Frameworks */ = {
			isa = PBXFrameworksBuildPhase;
			buildActionMask = 2147483647;
			files = (
			);
			runOnlyForDeploymentPostprocessing = 0;
		};
/* End PBXFrameworksBuildPhase section */

/* Begin PBXGroup section */
		EDA0ED000000000000000002 = {
			isa = PBXGroup;
			children = (
				EDA0ED000000000000000004 /* eDraft */,
				EDA0ED000000000000000003 /* Products */,
			);
			sourceTree = "<group>";
		};
		EDA0ED000000000000000003 /* Products */ = {
			isa = PBXGroup;
			children = (
				EDA0ED000000000000000015 /* eDraft.app */,
			);
			name = Products;
			sourceTree = "<group>";
		};
		EDA0ED000000000000000004 /* eDraft */ = {
			isa = PBXGroup;
			children = (
				EDA0ED000000000000000010 /* eDraftApp.swift */,
				EDA0ED000000000000000008 /* Editing */,
				EDA0ED000000000000000005 /* Engine */,
				EDA0ED000000000000000006 /* Views */,
				EDA0ED000000000000000007 /* Resources */,
			);
			path = eDraft;
			sourceTree = "<group>";
		};
		EDA0ED000000000000000008 /* Editing */ = {
			isa = PBXGroup;
			children = (
				EDA0ED000000000000000019 /* BlockMapper.swift */,
				EDA0ED00000000000000001A /* DocumentStore.swift */,
			);
			path = Editing;
			sourceTree = "<group>";
		};
		EDA0ED000000000000000005 /* Engine */ = {
			isa = PBXGroup;
			children = (
				EDA0ED000000000000000011 /* EngineFacade.swift */,
			);
			path = Engine;
			sourceTree = "<group>";
		};
		EDA0ED000000000000000006 /* Views */ = {
			isa = PBXGroup;
			children = (
				EDA0ED000000000000000016 /* EditorView.swift */,
				EDA0ED000000000000000013 /* ScriptTextView.swift */,
				EDA0ED000000000000000017 /* WhisperBar.swift */,
				EDA0ED000000000000000018 /* DiagnosticsView.swift */,
			);
			path = Views;
			sourceTree = "<group>";
		};
		EDA0ED000000000000000007 /* Resources */ = {
			isa = PBXGroup;
			children = (
				EDA0ED000000000000000014 /* edraft-engine.js */,
				EDA0ED000000000000000009 /* Fonts */,
			);
			path = Resources;
			sourceTree = "<group>";
		};
		EDA0ED000000000000000009 /* Fonts */ = {
			isa = PBXGroup;
			children = (
				EDA0ED000000000000000060 /* CourierPrime-Regular.ttf */,
				EDA0ED000000000000000061 /* CourierPrime-Bold.ttf */,
				EDA0ED000000000000000062 /* CourierPrime-Italic.ttf */,
				EDA0ED000000000000000063 /* CourierPrime-BoldItalic.ttf */,
				EDA0ED000000000000000064 /* OFL.txt */,
			);
			path = Fonts;
			sourceTree = "<group>";
		};
/* End PBXGroup section */

/* Begin PBXNativeTarget section */
		EDA0ED000000000000000030 /* eDraft */ = {
			isa = PBXNativeTarget;
			buildConfigurationList = EDA0ED000000000000000051 /* Build configuration list for PBXNativeTarget "eDraft" */;
			buildPhases = (
				EDA0ED000000000000000031 /* Sources */,
				EDA0ED000000000000000032 /* Frameworks */,
				EDA0ED000000000000000033 /* Resources */,
			);
			buildRules = (
			);
			dependencies = (
			);
			name = eDraft;
			productName = eDraft;
			productReference = EDA0ED000000000000000015 /* eDraft.app */;
			productType = "com.apple.product-type.application";
		};
/* End PBXNativeTarget section */

/* Begin PBXProject section */
		EDA0ED000000000000000001 /* Project object */ = {
			isa = PBXProject;
			attributes = {
				BuildIndependentTargetsInParallel = 1;
				LastSwiftUpdateCheck = 2660;
				LastUpgradeCheck = 2660;
				TargetAttributes = {
					EDA0ED000000000000000030 = {
						CreatedOnToolsVersion = 26.6;
					};
				};
			};
			buildConfigurationList = EDA0ED000000000000000050 /* Build configuration list for PBXProject "eDraft" */;
			compatibilityVersion = "Xcode 14.0";
			developmentRegion = en;
			hasScannedForEncodings = 0;
			knownRegions = (
				en,
				Base,
			);
			mainGroup = EDA0ED000000000000000002;
			productRefGroup = EDA0ED000000000000000003 /* Products */;
			projectDirPath = "";
			projectRoot = "";
			targets = (
				EDA0ED000000000000000030 /* eDraft */,
			);
		};
/* End PBXProject section */

/* Begin PBXResourcesBuildPhase section */
		EDA0ED000000000000000033 /* Resources */ = {
			isa = PBXResourcesBuildPhase;
			buildActionMask = 2147483647;
			files = (
				EDA0ED000000000000000024 /* edraft-engine.js in Resources */,
				EDA0ED00000000000000002A /* CourierPrime-Regular.ttf in Resources */,
				EDA0ED00000000000000002B /* CourierPrime-Bold.ttf in Resources */,
				EDA0ED00000000000000002C /* CourierPrime-Italic.ttf in Resources */,
				EDA0ED00000000000000002D /* CourierPrime-BoldItalic.ttf in Resources */,
				EDA0ED00000000000000002E /* OFL.txt in Resources */,
			);
			runOnlyForDeploymentPostprocessing = 0;
		};
/* End PBXResourcesBuildPhase section */

/* Begin PBXSourcesBuildPhase section */
		EDA0ED000000000000000031 /* Sources */ = {
			isa = PBXSourcesBuildPhase;
			buildActionMask = 2147483647;
			files = (
				EDA0ED000000000000000020 /* eDraftApp.swift in Sources */,
				EDA0ED000000000000000021 /* EngineFacade.swift in Sources */,
				EDA0ED000000000000000028 /* BlockMapper.swift in Sources */,
				EDA0ED000000000000000029 /* DocumentStore.swift in Sources */,
				EDA0ED000000000000000025 /* EditorView.swift in Sources */,
				EDA0ED000000000000000023 /* ScriptTextView.swift in Sources */,
				EDA0ED000000000000000026 /* WhisperBar.swift in Sources */,
				EDA0ED000000000000000027 /* DiagnosticsView.swift in Sources */,
			);
			runOnlyForDeploymentPostprocessing = 0;
		};
/* End PBXSourcesBuildPhase section */

/* Begin XCBuildConfiguration section */
		EDA0ED000000000000000040 /* Debug */ = {
			isa = XCBuildConfiguration;
			buildSettings = {
				ALWAYS_SEARCH_USER_PATHS = NO;
				ASSETCATALOG_COMPILER_GENERATE_SWIFT_ASSET_SYMBOL_EXTENSIONS = YES;
				CLANG_ANALYZER_NONNULL = YES;
				CLANG_ANALYZER_NUMBER_OBJECT_CONVERSION = YES_AGGRESSIVE;
				CLANG_CXX_LANGUAGE_STANDARD = "gnu++20";
				CLANG_ENABLE_MODULES = YES;
				CLANG_ENABLE_OBJC_ARC = YES;
				CLANG_ENABLE_OBJC_WEAK = YES;
				CLANG_WARN_BLOCK_CAPTURE_AUTORELEASING = YES;
				CLANG_WARN_BOOL_CONVERSION = YES;
				CLANG_WARN_COMMA = YES;
				CLANG_WARN_CONSTANT_CONVERSION = YES;
				CLANG_WARN_DEPRECATED_OBJC_IMPLEMENTATIONS = YES;
				CLANG_WARN_DIRECT_OBJC_ISA_USAGE = YES_ERROR;
				CLANG_WARN_DOCUMENTATION_COMMENTS = YES;
				CLANG_WARN_EMPTY_BODY = YES;
				CLANG_WARN_ENUM_CONVERSION = YES;
				CLANG_WARN_INFINITE_RECURSION = YES;
				CLANG_WARN_INT_CONVERSION = YES;
				CLANG_WARN_NON_LITERAL_NULL_CONVERSION = YES;
				CLANG_WARN_OBJC_IMPLICIT_RETAIN_SELF = YES;
				CLANG_WARN_OBJC_LITERAL_CONVERSION = YES;
				CLANG_WARN_OBJC_ROOT_CLASS = YES_ERROR;
				CLANG_WARN_QUOTED_INCLUDE_IN_FRAMEWORK_HEADER = YES;
				CLANG_WARN_RANGE_LOOP_ANALYSIS = YES;
				CLANG_WARN_STRICT_PROTOTYPES = YES;
				CLANG_WARN_SUSPICIOUS_MOVE = YES;
				CLANG_WARN_UNGUARDED_AVAILABILITY = YES_AGGRESSIVE;
				CLANG_WARN_UNREACHABLE_CODE = YES;
				CLANG_WARN__DUPLICATE_METHOD_MATCH = YES;
				COPY_PHASE_STRIP = NO;
				DEBUG_INFORMATION_FORMAT = dwarf;
				ENABLE_STRICT_OBJC_MSGSEND = YES;
				ENABLE_TESTABILITY = YES;
				ENABLE_USER_SCRIPT_SANDBOXING = YES;
				GCC_C_LANGUAGE_STANDARD = gnu17;
				GCC_DYNAMIC_NO_PIC = NO;
				GCC_NO_COMMON_BLOCKS = YES;
				GCC_OPTIMIZATION_LEVEL = 0;
				GCC_PREPROCESSOR_DEFINITIONS = (
					"DEBUG=1",
					"$(inherited)",
				);
				GCC_WARN_64_TO_32_BIT_CONVERSION = YES;
				GCC_WARN_ABOUT_RETURN_TYPE = YES_ERROR;
				GCC_WARN_UNDECLARED_SELECTOR = YES;
				GCC_WARN_UNINITIALIZED_AUTOS = YES_AGGRESSIVE;
				GCC_WARN_UNUSED_FUNCTION = YES;
				GCC_WARN_UNUSED_VARIABLE = YES;
				IPHONEOS_DEPLOYMENT_TARGET = 26.0;
				LOCALIZATION_PREFERS_STRING_CATALOGS = YES;
				MTL_ENABLE_DEBUG_INFO = INCLUDE_SOURCE;
				MTL_FAST_MATH = YES;
				ONLY_ACTIVE_ARCH = YES;
				SDKROOT = iphoneos;
				SWIFT_ACTIVE_COMPILATION_CONDITIONS = DEBUG;
				SWIFT_OPTIMIZATION_LEVEL = "-Onone";
				SWIFT_VERSION = 5.0;
			};
			name = Debug;
		};
		EDA0ED000000000000000041 /* Release */ = {
			isa = XCBuildConfiguration;
			buildSettings = {
				ALWAYS_SEARCH_USER_PATHS = NO;
				ASSETCATALOG_COMPILER_GENERATE_SWIFT_ASSET_SYMBOL_EXTENSIONS = YES;
				CLANG_ANALYZER_NONNULL = YES;
				CLANG_ANALYZER_NUMBER_OBJECT_CONVERSION = YES_AGGRESSIVE;
				CLANG_CXX_LANGUAGE_STANDARD = "gnu++20";
				CLANG_ENABLE_MODULES = YES;
				CLANG_ENABLE_OBJC_ARC = YES;
				CLANG_ENABLE_OBJC_WEAK = YES;
				CLANG_WARN_BLOCK_CAPTURE_AUTORELEASING = YES;
				CLANG_WARN_BOOL_CONVERSION = YES;
				CLANG_WARN_COMMA = YES;
				CLANG_WARN_CONSTANT_CONVERSION = YES;
				CLANG_WARN_DEPRECATED_OBJC_IMPLEMENTATIONS = YES;
				CLANG_WARN_DIRECT_OBJC_ISA_USAGE = YES_ERROR;
				CLANG_WARN_DOCUMENTATION_COMMENTS = YES;
				CLANG_WARN_EMPTY_BODY = YES;
				CLANG_WARN_ENUM_CONVERSION = YES;
				CLANG_WARN_INFINITE_RECURSION = YES;
				CLANG_WARN_INT_CONVERSION = YES;
				CLANG_WARN_NON_LITERAL_NULL_CONVERSION = YES;
				CLANG_WARN_OBJC_IMPLICIT_RETAIN_SELF = YES;
				CLANG_WARN_OBJC_LITERAL_CONVERSION = YES;
				CLANG_WARN_OBJC_ROOT_CLASS = YES_ERROR;
				CLANG_WARN_QUOTED_INCLUDE_IN_FRAMEWORK_HEADER = YES;
				CLANG_WARN_RANGE_LOOP_ANALYSIS = YES;
				CLANG_WARN_STRICT_PROTOTYPES = YES;
				CLANG_WARN_SUSPICIOUS_MOVE = YES;
				CLANG_WARN_UNGUARDED_AVAILABILITY = YES_AGGRESSIVE;
				CLANG_WARN_UNREACHABLE_CODE = YES;
				CLANG_WARN__DUPLICATE_METHOD_MATCH = YES;
				COPY_PHASE_STRIP = NO;
				DEBUG_INFORMATION_FORMAT = "dwarf-with-dsym";
				ENABLE_NS_ASSERTIONS = NO;
				ENABLE_STRICT_OBJC_MSGSEND = YES;
				ENABLE_USER_SCRIPT_SANDBOXING = YES;
				GCC_C_LANGUAGE_STANDARD = gnu17;
				GCC_NO_COMMON_BLOCKS = YES;
				GCC_WARN_64_TO_32_BIT_CONVERSION = YES;
				GCC_WARN_ABOUT_RETURN_TYPE = YES_ERROR;
				GCC_WARN_UNDECLARED_SELECTOR = YES;
				GCC_WARN_UNINITIALIZED_AUTOS = YES_AGGRESSIVE;
				GCC_WARN_UNUSED_FUNCTION = YES;
				GCC_WARN_UNUSED_VARIABLE = YES;
				IPHONEOS_DEPLOYMENT_TARGET = 26.0;
				LOCALIZATION_PREFERS_STRING_CATALOGS = YES;
				MTL_ENABLE_DEBUG_INFO = NO;
				MTL_FAST_MATH = YES;
				SDKROOT = iphoneos;
				SWIFT_COMPILATION_MODE = wholemodule;
				SWIFT_OPTIMIZATION_LEVEL = "-O";
				SWIFT_VERSION = 5.0;
				VALIDATE_PRODUCT = YES;
			};
			name = Release;
		};
		EDA0ED000000000000000042 /* Debug */ = {
			isa = XCBuildConfiguration;
			buildSettings = {
				CODE_SIGN_STYLE = Automatic;
				DEVELOPMENT_TEAM = D2GL6V55S2;
				CURRENT_PROJECT_VERSION = 1;
				ENABLE_PREVIEWS = YES;
				GENERATE_INFOPLIST_FILE = YES;
				INFOPLIST_KEY_UIApplicationSceneManifest_Generation = YES;
				INFOPLIST_KEY_UIFonts = (
					CourierPrime-Regular.ttf,
					CourierPrime-Bold.ttf,
					CourierPrime-Italic.ttf,
					CourierPrime-BoldItalic.ttf,
				);
				INFOPLIST_KEY_UILaunchScreen_Generation = YES;
				INFOPLIST_KEY_UISupportedInterfaceOrientations = "UIInterfaceOrientationPortrait UIInterfaceOrientationLandscapeLeft UIInterfaceOrientationLandscapeRight";
				INFOPLIST_KEY_UISupportedInterfaceOrientations_iPad = "UIInterfaceOrientationPortrait UIInterfaceOrientationPortraitUpsideDown UIInterfaceOrientationLandscapeLeft UIInterfaceOrientationLandscapeRight";
				LD_RUNPATH_SEARCH_PATHS = (
					"$(inherited)",
					"@executable_path/Frameworks",
				);
				MARKETING_VERSION = 0.1.0;
				PRODUCT_BUNDLE_IDENTIFIER = xyz.draftfirst.edraft;
				PRODUCT_NAME = "$(TARGET_NAME)";
				SWIFT_EMIT_LOC_STRINGS = YES;
				TARGETED_DEVICE_FAMILY = "1,2";
			};
			name = Debug;
		};
		EDA0ED000000000000000043 /* Release */ = {
			isa = XCBuildConfiguration;
			buildSettings = {
				CODE_SIGN_STYLE = Automatic;
				DEVELOPMENT_TEAM = D2GL6V55S2;
				CURRENT_PROJECT_VERSION = 1;
				ENABLE_PREVIEWS = YES;
				GENERATE_INFOPLIST_FILE = YES;
				INFOPLIST_KEY_UIApplicationSceneManifest_Generation = YES;
				INFOPLIST_KEY_UIFonts = (
					CourierPrime-Regular.ttf,
					CourierPrime-Bold.ttf,
					CourierPrime-Italic.ttf,
					CourierPrime-BoldItalic.ttf,
				);
				INFOPLIST_KEY_UILaunchScreen_Generation = YES;
				INFOPLIST_KEY_UISupportedInterfaceOrientations = "UIInterfaceOrientationPortrait UIInterfaceOrientationLandscapeLeft UIInterfaceOrientationLandscapeRight";
				INFOPLIST_KEY_UISupportedInterfaceOrientations_iPad = "UIInterfaceOrientationPortrait UIInterfaceOrientationPortraitUpsideDown UIInterfaceOrientationLandscapeLeft UIInterfaceOrientationLandscapeRight";
				LD_RUNPATH_SEARCH_PATHS = (
					"$(inherited)",
					"@executable_path/Frameworks",
				);
				MARKETING_VERSION = 0.1.0;
				PRODUCT_BUNDLE_IDENTIFIER = xyz.draftfirst.edraft;
				PRODUCT_NAME = "$(TARGET_NAME)";
				SWIFT_EMIT_LOC_STRINGS = YES;
				TARGETED_DEVICE_FAMILY = "1,2";
			};
			name = Release;
		};
/* End XCBuildConfiguration section */

/* Begin XCConfigurationList section */
		EDA0ED000000000000000050 /* Build configuration list for PBXProject "eDraft" */ = {
			isa = XCConfigurationList;
			buildConfigurations = (
				EDA0ED000000000000000040 /* Debug */,
				EDA0ED000000000000000041 /* Release */,
			);
			defaultConfigurationIsVisible = 0;
			defaultConfigurationName = Release;
		};
		EDA0ED000000000000000051 /* Build configuration list for PBXNativeTarget "eDraft" */ = {
			isa = XCConfigurationList;
			buildConfigurations = (
				EDA0ED000000000000000042 /* Debug */,
				EDA0ED000000000000000043 /* Release */,
			);
			defaultConfigurationIsVisible = 0;
			defaultConfigurationName = Release;
		};
/* End XCConfigurationList section */
	};
	rootObject = EDA0ED000000000000000001 /* Project object */;
}
